# This file is automatically @generated by Cargo.
# It is not intended for manual editing.
version = 4

[[package]]
name = "qilm-core"
version = "0.1.0"

[[package]]
name = "qilm-data"
version = "0.1.0"

[[package]]
name = "qilm-oracle"
version = "0.1.0"
dependencies = [
 "qilm-core",
]

[[package]]
name = "qilm-train"
version = "0.1.0"
dependencies = [
 "qilm-core",
 "qilm-data",
]
